
Microsoft Visual Studio Solution File, Format Version 12.00
# Visual Studio Version 17
VisualStudioVersion = 17.7.34024.191
MinimumVisualStudioVersion = 10.0.40219.1
Project("{FAE04EC0-301F-11D3-BF4B-00C04F79EFBC}") = "AutomobileLibrary", "AutomobileLibrary\AutomobileLibrary.csproj", "{C80CFF23-EE96-4BB3-A63E-C94FFE389F6C}"
EndProject
Project("{FAE04EC0-301F-11D3-BF4B-00C04F79EFBC}") = "AutomobileWinApp", "AutomobileWinApp\AutomobileWinApp.csproj", "{9712D46A-7AFF-4977-941C-077355AB37D6}"
EndProject
Global
	GlobalSection(SolutionConfigurationPlatforms) = preSolution
		Debug|Any CPU = Debug|Any CPU
		Release|Any CPU = Release|Any CPU
	EndGlobalSection
	GlobalSection(ProjectConfigurationPlatforms) = postSolution
		{C80CFF23-EE96-4BB3-A63E-C94FFE389F6C}.Debug|Any CPU.ActiveCfg = Debug|Any CPU
		{C80CFF23-EE96-4BB3-A63E-C94FFE389F6C}.Debug|Any CPU.Build.0 = Debug|Any CPU
		{C80CFF23-EE96-4BB3-A63E-C94FFE389F6C}.Release|Any CPU.ActiveCfg = Release|Any CPU
		{C80CFF23-EE96-4BB3-A63E-C94FFE389F6C}.Release|Any CPU.Build.0 = Release|Any CPU
		{9712D46A-7AFF-4977-941C-077355AB37D6}.Debug|Any CPU.ActiveCfg = Debug|Any CPU
		{9712D46A-7AFF-4977-941C-077355AB37D6}.Debug|Any CPU.Build.0 = Debug|Any CPU
		{9712D46A-7AFF-4977-941C-077355AB37D6}.Release|Any CPU.ActiveCfg = Release|Any CPU
		{9712D46A-7AFF-4977-941C-077355AB37D6}.Release|Any CPU.Build.0 = Release|Any CPU
	EndGlobalSection
	GlobalSection(SolutionProperties) = preSolution
		HideSolutionNode = FALSE
	EndGlobalSection
	GlobalSection(ExtensibilityGlobals) = postSolution
		SolutionGuid = {6CC50361-6112-4372-AC94-56C6C4F3E6F9}
	EndGlobalSection
EndGlobal
